// !$*UTF8*$!
{
	archiveVersion = 1;
	classes = {
	};
	objectVersion = 46;
	objects = {

/* Begin PBXBuildFile section */
		6973E6821D750D98008A72D4 /* AppDelegate.swift in Sources */ = {isa = PBXBuildFile; fileRef = 6973E6811D750D98008A72D4 /* AppDelegate.swift */; };
		6973E6871D750D98008A72D4 /* Main.storyboard in Resources */ = {isa = PBXBuildFile; fileRef = 6973E6851D750D98008A72D4 /* Main.storyboard */; };
		6973E6891D750D98008A72D4 /* Assets.xcassets in Resources */ = {isa = PBXBuildFile; fileRef = 6973E6881D750D98008A72D4 /* Assets.xcassets */; };
		6973E68C1D750D98008A72D4 /* LaunchScreen.storyboard in Resources */ = {isa = PBXBuildFile; fileRef = 6973E68A1D750D98008A72D4 /* LaunchScreen.storyboard */; };
		6973E6941D75132A008A72D4 /* ViewController.swift in Sources */ = {isa = PBXBuildFile; fileRef = 6973E6931D75132A008A72D4 /* ViewController.swift */; };
		6991A9801E103860004F0A1B /* NodeChooserViewController.swift in Sources */ = {isa = PBXBuildFile; fileRef = 6991A97F1E103860004F0A1B /* NodeChooserViewController.swift */; };
		8AE3A4201F48A1610056B6A8 /* ViewController.swift in Sources */ = {isa = PBXBuildFile; fileRef = 6973E6931D75132A008A72D4 /* ViewController.swift */; };
		8AE3A4211F48A1610056B6A8 /* NodeChooserViewController.swift in Sources */ = {isa = PBXBuildFile; fileRef = 6991A97F1E103860004F0A1B /* NodeChooserViewController.swift */; };
		8AE3A4221F48A1610056B6A8 /* AppDelegate.swift in Sources */ = {isa = PBXBuildFile; fileRef = 6973E6811D750D98008A72D4 /* AppDelegate.swift */; };
		8AE3A4251F48A1610056B6A8 /* LaunchScreen.storyboard in Resources */ = {isa = PBXBuildFile; fileRef = 6973E68A1D750D98008A72D4 /* LaunchScreen.storyboard */; };
		8AE3A4261F48A1610056B6A8 /* Assets.xcassets in Resources */ = {isa = PBXBuildFile; fileRef = 6973E6881D750D98008A72D4 /* Assets.xcassets */; };
		8AE3A4271F48A1610056B6A8 /* Main.storyboard in Resources */ = {isa = PBXBuildFile; fileRef = 6973E6851D750D98008A72D4 /* Main.storyboard */; };
		8AE3A42E1F48A4980056B6A8 /* flavorConfig.plist in Resources */ = {isa = PBXBuildFile; fileRef = 8AE3A42D1F48A4980056B6A8 /* flavorConfig.plist */; };
		8AE3A4301F48A4B30056B6A8 /* flavorConfig.plist in Resources */ = {isa = PBXBuildFile; fileRef = 8AE3A42F1F48A4B30056B6A8 /* flavorConfig.plist */; };
/* End PBXBuildFile section */

/* Begin PBXFileReference section */
		6973E67E1D750D98008A72D4 /* EGaaS.app */ = {isa = PBXFileReference; explicitFileType = wrapper.application; includeInIndex = 0; path = EGaaS.app; sourceTree = BUILT_PRODUCTS_DIR; };
		6973E6811D750D98008A72D4 /* AppDelegate.swift */ = {isa = PBXFileReference; lastKnownFileType = sourcecode.swift; path = AppDelegate.swift; sourceTree = "<group>"; };
		6973E6861D750D98008A72D4 /* Base */ = {isa = PBXFileReference; lastKnownFileType = file.storyboard; name = Base; path = Base.lproj/Main.storyboard; sourceTree = "<group>"; };
		6973E6881D750D98008A72D4 /* Assets.xcassets */ = {isa = PBXFileReference; lastKnownFileType = folder.assetcatalog; path = Assets.xcassets; sourceTree = "<group>"; };
		6973E68B1D750D98008A72D4 /* Base */ = {isa = PBXFileReference; lastKnownFileType = file.storyboard; name = Base; path = Base.lproj/LaunchScreen.storyboard; sourceTree = "<group>"; };
		6973E68D1D750D98008A72D4 /* Info.plist */ = {isa = PBXFileReference; lastKnownFileType = text.plist.xml; path = Info.plist; sourceTree = "<group>"; };
		6973E6931D75132A008A72D4 /* ViewController.swift */ = {isa = PBXFileReference; fileEncoding = 4; lastKnownFileType = sourcecode.swift; path = ViewController.swift; sourceTree = "<group>"; };
		6991A97F1E103860004F0A1B /* NodeChooserViewController.swift */ = {isa = PBXFileReference; fileEncoding = 4; lastKnownFileType = sourcecode.swift; path = NodeChooserViewController.swift; sourceTree = "<group>"; };
		8AE3A42B1F48A1610056B6A8 /* EGaaS Dev.app */ = {isa = PBXFileReference; explicitFileType = wrapper.application; includeInIndex = 0; path = "EGaaS Dev.app"; sourceTree = BUILT_PRODUCTS_DIR; };
		8AE3A42C1F48A1610056B6A8 /* EGaaS copy-Info.plist */ = {isa = PBXFileReference; lastKnownFileType = text.plist.xml; name = "EGaaS copy-Info.plist"; path = "/Users/alexey/tmp/ios-lite-client/EGaaS copy-Info.plist"; sourceTree = "<absolute>"; };
		8AE3A42D1F48A4980056B6A8 /* flavorConfig.plist */ = {isa = PBXFileReference; fileEncoding = 4; lastKnownFileType = text.plist.xml; name = flavorConfig.plist; path = stable/flavorConfig.plist; sourceTree = "<group>"; };
		8AE3A42F1F48A4B30056B6A8 /* flavorConfig.plist */ = {isa = PBXFileReference; fileEncoding = 4; lastKnownFileType = text.plist.xml; name = flavorConfig.plist; path = dev/flavorConfig.plist; sourceTree = "<group>"; };
/* End PBXFileReference section */

/* Begin PBXFrameworksBuildPhase section */
		6973E67B1D750D98008A72D4 /* Frameworks */ = {
			isa = PBXFrameworksBuildPhase;
			buildActionMask = 2147483647;
			files = (
			);
			runOnlyForDeploymentPostprocessing = 0;
		};
		8AE3A4231F48A1610056B6A8 /* Frameworks */ = {
			isa = PBXFrameworksBuildPhase;
			buildActionMask = 2147483647;
			files = (
			);
			runOnlyForDeploymentPostprocessing = 0;
		};
/* End PBXFrameworksBuildPhase section */

/* Begin PBXGroup section */
		6973E6751D750D98008A72D4 = {
			isa = PBXGroup;
			children = (
				6973E6801D750D98008A72D4 /* DayLight */,
				6973E67F1D750D98008A72D4 /* Products */,
				8AE3A42C1F48A1610056B6A8 /* EGaaS copy-Info.plist */,
			);
			sourceTree = "<group>";
		};
		6973E67F1D750D98008A72D4 /* Products */ = {
			isa = PBXGroup;
			children = (
				6973E67E1D750D98008A72D4 /* EGaaS.app */,
				8AE3A42B1F48A1610056B6A8 /* EGaaS Dev.app */,
			);
			name = Products;
			sourceTree = "<group>";
		};
		6973E6801D750D98008A72D4 /* DayLight */ = {
			isa = PBXGroup;
			children = (
				6973E6811D750D98008A72D4 /* AppDelegate.swift */,
				6991A97F1E103860004F0A1B /* NodeChooserViewController.swift */,
				6973E6931D75132A008A72D4 /* ViewController.swift */,
				6973E6851D750D98008A72D4 /* Main.storyboard */,
				6973E6881D750D98008A72D4 /* Assets.xcassets */,
				6973E68A1D750D98008A72D4 /* LaunchScreen.storyboard */,
				6973E68D1D750D98008A72D4 /* Info.plist */,
				8AE3A42D1F48A4980056B6A8 /* flavorConfig.plist */,
				8AE3A42F1F48A4B30056B6A8 /* flavorConfig.plist */,
			);
			path = DayLight;
			sourceTree = "<group>";
		};
/* End PBXGroup section */

/* Begin PBXNativeTarget section */
		6973E67D1D750D98008A72D4 /* EGaaS */ = {
			isa = PBXNativeTarget;
			buildConfigurationList = 6973E6901D750D98008A72D4 /* Build configuration list for PBXNativeTarget "EGaaS" */;
			buildPhases = (
				6973E67A1D750D98008A72D4 /* Sources */,
				6973E67B1D750D98008A72D4 /* Frameworks */,
				6973E67C1D750D98008A72D4 /* Resources */,
			);
			buildRules = (
			);
			dependencies = (
			);
			name = EGaaS;
			productName = DayLight;
			productReference = 6973E67E1D750D98008A72D4 /* EGaaS.app */;
			productType = "com.apple.product-type.application";
		};
		8AE3A41E1F48A1610056B6A8 /* EGaaS Dev */ = {
			isa = PBXNativeTarget;
			buildConfigurationList = 8AE3A4281F48A1610056B6A8 /* Build configuration list for PBXNativeTarget "EGaaS Dev" */;
			buildPhases = (
				8AE3A41F1F48A1610056B6A8 /* Sources */,
				8AE3A4231F48A1610056B6A8 /* Frameworks */,
				8AE3A4241F48A1610056B6A8 /* Resources */,
			);
			buildRules = (
			);
			dependencies = (
			);
			name = "EGaaS Dev";
			productName = DayLight;
			productReference = 8AE3A42B1F48A1610056B6A8 /* EGaaS Dev.app */;
			productType = "com.apple.product-type.application";
		};
/* End PBXNativeTarget section */

/* Begin PBXProject section */
		6973E6761D750D98008A72D4 /* Project object */ = {
			isa = PBXProject;
			attributes = {
				LastSwiftUpdateCheck = 0730;
				LastUpgradeCheck = 0810;
				ORGANIZATIONNAME = "Andrei Nechaev";
				TargetAttributes = {
					6973E67D1D750D98008A72D4 = {
						CreatedOnToolsVersion = 7.3.1;
						LastSwiftMigration = 0810;
					};
				};
			};
			buildConfigurationList = 6973E6791D750D98008A72D4 /* Build configuration list for PBXProject "EGaaS" */;
			compatibilityVersion = "Xcode 3.2";
			developmentRegion = English;
			hasScannedForEncodings = 0;
			knownRegions = (
				en,
				Base,
			);
			mainGroup = 6973E6751D750D98008A72D4;
			productRefGroup = 6973E67F1D750D98008A72D4 /* Products */;
			projectDirPath = "";
			projectRoot = "";
			targets = (
				6973E67D1D750D98008A72D4 /* EGaaS */,
				8AE3A41E1F48A1610056B6A8 /* EGaaS Dev */,
			);
		};
/* End PBXProject section */

/* Begin PBXResourcesBuildPhase section */
		6973E67C1D750D98008A72D4 /* Resources */ = {
			isa = PBXResourcesBuildPhase;
			buildActionMask = 2147483647;
			files = (
				8AE3A42E1F48A4980056B6A8 /* flavorConfig.plist in Resources */,
				6973E68C1D750D98008A72D4 /* LaunchScreen.storyboard in Resources */,
				6973E6891D750D98008A72D4 /* Assets.xcassets in Resources */,
				6973E6871D750D98008A72D4 /* Main.storyboard in Resources */,
			);
			runOnlyForDeploymentPostprocessing = 0;
		};
		8AE3A4241F48A1610056B6A8 /* Resources */ = {
			isa = PBXResourcesBuildPhase;
			buildActionMask = 2147483647;
			files = (
				8AE3A4301F48A4B30056B6A8 /* flavorConfig.plist in Resources */,
				8AE3A4251F48A1610056B6A8 /* LaunchScreen.storyboard in Resources */,
				8AE3A4261F48A1610056B6A8 /* Assets.xcassets in Resources */,
				8AE3A4271F48A1610056B6A8 /* Main.storyboard in Resources */,
			);
			runOnlyForDeploymentPostprocessing = 0;
		};
/* End PBXResourcesBuildPhase section */

/* Begin PBXSourcesBuildPhase section */
		6973E67A1D750D98008A72D4 /* Sources */ = {
			isa = PBXSourcesBuildPhase;
			buildActionMask = 2147483647;
			files = (
				6973E6941D75132A008A72D4 /* ViewController.swift in Sources */,
				6991A9801E103860004F0A1B /* NodeChooserViewController.swift in Sources */,
				6973E6821D750D98008A72D4 /* AppDelegate.swift in Sources */,
			);
			runOnlyForDeploymentPostprocessing = 0;
		};
		8AE3A41F1F48A1610056B6A8 /* Sources */ = {
			isa = PBXSourcesBuildPhase;
			buildActionMask = 2147483647;
			files = (
				8AE3A4201F48A1610056B6A8 /* ViewController.swift in Sources */,
				8AE3A4211F48A1610056B6A8 /* NodeChooserViewController.swift in Sources */,
				8AE3A4221F48A1610056B6A8 /* AppDelegate.swift in Sources */,
			);
			runOnlyForDeploymentPostprocessing = 0;
		};
/* End PBXSourcesBuildPhase section */

/* Begin PBXVariantGroup section */
		6973E6851D750D98008A72D4 /* Main.storyboard */ = {
			isa = PBXVariantGroup;
			children = (
				6973E6861D750D98008A72D4 /* Base */,
			);
			name = Main.storyboard;
			sourceTree = "<group>";
		};
		6973E68A1D750D98008A72D4 /* LaunchScreen.storyboard */ = {
			isa = PBXVariantGroup;
			children = (
				6973E68B1D750D98008A72D4 /* Base */,
			);
			name = LaunchScreen.storyboard;
			sourceTree = "<group>";
		};
/* End PBXVariantGroup section */

/* Begin XCBuildConfiguration section */
		6973E68E1D750D98008A72D4 /* Debug */ = {
			isa = XCBuildConfiguration;
			buildSettings = {
				ALWAYS_SEARCH_USER_PATHS = NO;
				CLANG_ANALYZER_NONNULL = YES;
				CLANG_CXX_LANGUAGE_STANDARD = "gnu++0x";
				CLANG_CXX_LIBRARY = "libc++";
				CLANG_ENABLE_MODULES = YES;
				CLANG_ENABLE_OBJC_ARC = YES;
				CLANG_WARN_BOOL_CONVERSION = YES;
				CLANG_WARN_CONSTANT_CONVERSION = YES;
				CLANG_WARN_DIRECT_OBJC_ISA_USAGE = YES_ERROR;
				CLANG_WARN_EMPTY_BODY = YES;
				CLANG_WARN_ENUM_CONVERSION = YES;
				CLANG_WARN_INFINITE_RECURSION = YES;
				CLANG_WARN_INT_CONVERSION = YES;
				CLANG_WARN_OBJC_ROOT_CLASS = YES_ERROR;
				CLANG_WARN_SUSPICIOUS_MOVE = YES;
				CLANG_WARN_UNREACHABLE_CODE = YES;
				CLANG_WARN__DUPLICATE_METHOD_MATCH = YES;
				"CODE_SIGN_IDENTITY[sdk=iphoneos*]" = "iPhone Developer";
				COPY_PHASE_STRIP = NO;
				DEBUG_INFORMATION_FORMAT = dwarf;
				ENABLE_STRICT_OBJC_MSGSEND = YES;
				ENABLE_TESTABILITY = YES;
				GCC_C_LANGUAGE_STANDARD = gnu99;
				GCC_DYNAMIC_NO_PIC = NO;
				GCC_NO_COMMON_BLOCKS = YES;
				GCC_OPTIMIZATION_LEVEL = 0;
				GCC_PREPROCESSOR_DEFINITIONS = (
					"DEBUG=1",
					"$(inherited)",
				);
				GCC_WARN_64_TO_32_BIT_CONVERSION = YES;
				GCC_WARN_ABOUT_RETURN_TYPE = YES_ERROR;
				GCC_WARN_UNDECLARED_SELECTOR = YES;
				GCC_WARN_UNINITIALIZED_AUTOS = YES_AGGRESSIVE;
				GCC_WARN_UNUSED_FUNCTION = YES;
				GCC_WARN_UNUSED_VARIABLE = YES;
				IPHONEOS_DEPLOYMENT_TARGET = 9.3;
				MTL_ENABLE_DEBUG_INFO = YES;
				ONLY_ACTIVE_ARCH = YES;
				SDKROOT = iphoneos;
				SWIFT_OPTIMIZATION_LEVEL = "-Onone";
				TARGETED_DEVICE_FAMILY = "1,2";
			};
			name = Debug;
		};
		6973E68F1D750D98008A72D4 /* Release */ = {
			isa = XCBuildConfiguration;
			buildSettings = {
				ALWAYS_SEARCH_USER_PATHS = NO;
				CLANG_ANALYZER_NONNULL = YES;
				CLANG_CXX_LANGUAGE_STANDARD = "gnu++0x";
				CLANG_CXX_LIBRARY = "libc++";
				CLANG_ENABLE_MODULES = YES;
				CLANG_ENABLE_OBJC_ARC = YES;
				CLANG_WARN_BOOL_CONVERSION = YES;
				CLANG_WARN_CONSTANT_CONVERSION = YES;
				CLANG_WARN_DIRECT_OBJC_ISA_USAGE = YES_ERROR;
				CLANG_WARN_EMPTY_BODY = YES;
				CLANG_WARN_ENUM_CONVERSION = YES;
				CLANG_WARN_INFINITE_RECURSION = YES;
				CLANG_WARN_INT_CONVERSION = YES;
				CLANG_WARN_OBJC_ROOT_CLASS = YES_ERROR;
				CLANG_WARN_SUSPICIOUS_MOVE = YES;
				CLANG_WARN_UNREACHABLE_CODE = YES;
				CLANG_WARN__DUPLICATE_METHOD_MATCH = YES;
				"CODE_SIGN_IDENTITY[sdk=iphoneos*]" = "iPhone Developer";
				COPY_PHASE_STRIP = NO;
				DEBUG_INFORMATION_FORMAT = "dwarf-with-dsym";
				ENABLE_NS_ASSERTIONS = NO;
				ENABLE_STRICT_OBJC_MSGSEND = YES;
				GCC_C_LANGUAGE_STANDARD = gnu99;
				GCC_NO_COMMON_BLOCKS = YES;
				GCC_WARN_64_TO_32_BIT_CONVERSION = YES;
				GCC_WARN_ABOUT_RETURN_TYPE = YES_ERROR;
				GCC_WARN_UNDECLARED_SELECTOR = YES;
				GCC_WARN_UNINITIALIZED_AUTOS = YES_AGGRESSIVE;
				GCC_WARN_UNUSED_FUNCTION = YES;
				GCC_WARN_UNUSED_VARIABLE = YES;
				IPHONEOS_DEPLOYMENT_TARGET = 9.3;
				MTL_ENABLE_DEBUG_INFO = NO;
				SDKROOT = iphoneos;
				SWIFT_OPTIMIZATION_LEVEL = "-Owholemodule";
				TARGETED_DEVICE_FAMILY = "1,2";
				VALIDATE_PRODUCT = YES;
			};
			name = Release;
		};
		6973E6911D750D98008A72D4 /* Debug */ = {
			isa = XCBuildConfiguration;
			buildSettings = {
				ASSETCATALOG_COMPILER_APPICON_NAME = AppIcon;
				CODE_SIGN_IDENTITY = "iPhone Developer";
				DEVELOPMENT_TEAM = "";
				INFOPLIST_FILE = DayLight/Info.plist;
				IPHONEOS_DEPLOYMENT_TARGET = 8.0;
				LD_RUNPATH_SEARCH_PATHS = "$(inherited) @executable_path/Frameworks";
				PRODUCT_BUNDLE_IDENTIFIER = org.eGaaS;
				PRODUCT_NAME = "$(TARGET_NAME)";
				SWIFT_VERSION = 3.0;
			};
			name = Debug;
		};
		6973E6921D750D98008A72D4 /* Release */ = {
			isa = XCBuildConfiguration;
			buildSettings = {
				ASSETCATALOG_COMPILER_APPICON_NAME = AppIcon;
				CODE_SIGN_IDENTITY = "iPhone Developer";
				DEVELOPMENT_TEAM = "";
				INFOPLIST_FILE = DayLight/Info.plist;
				IPHONEOS_DEPLOYMENT_TARGET = 8.0;
				LD_RUNPATH_SEARCH_PATHS = "$(inherited) @executable_path/Frameworks";
				PRODUCT_BUNDLE_IDENTIFIER = org.eGaaS;
				PRODUCT_NAME = "$(TARGET_NAME)";
				SWIFT_VERSION = 3.0;
			};
			name = Release;
		};
		8AE3A4291F48A1610056B6A8 /* Debug */ = {
			isa = XCBuildConfiguration;
			buildSettings = {
				ASSETCATALOG_COMPILER_APPICON_NAME = AppIcon;
				CODE_SIGN_IDENTITY = "iPhone Developer";
				INFOPLIST_FILE = "EGaaS copy-Info.plist";
				IPHONEOS_DEPLOYMENT_TARGET = 8.0;
				LD_RUNPATH_SEARCH_PATHS = "$(inherited) @executable_path/Frameworks";
				PRODUCT_BUNDLE_IDENTIFIER = org.eGaaS.Dev;
				PRODUCT_NAME = "$(TARGET_NAME)";
				SWIFT_VERSION = 3.0;
			};
			name = Debug;
		};
		8AE3A42A1F48A1610056B6A8 /* Release */ = {
			isa = XCBuildConfiguration;
			buildSettings = {
				ASSETCATALOG_COMPILER_APPICON_NAME = AppIcon;
				CODE_SIGN_IDENTITY = "iPhone Developer";
				INFOPLIST_FILE = "EGaaS copy-Info.plist";
				IPHONEOS_DEPLOYMENT_TARGET = 8.0;
				LD_RUNPATH_SEARCH_PATHS = "$(inherited) @executable_path/Frameworks";
				PRODUCT_BUNDLE_IDENTIFIER = org.eGaaS.Dev;
				PRODUCT_NAME = "$(TARGET_NAME)";
				SWIFT_VERSION = 3.0;
			};
			name = Release;
		};
/* End XCBuildConfiguration section */

/* Begin XCConfigurationList section */
		6973E6791D750D98008A72D4 /* Build configuration list for PBXProject "EGaaS" */ = {
			isa = XCConfigurationList;
			buildConfigurations = (
				6973E68E1D750D98008A72D4 /* Debug */,
				6973E68F1D750D98008A72D4 /* Release */,
			);
			defaultConfigurationIsVisible = 0;
			defaultConfigurationName = Release;
		};
		6973E6901D750D98008A72D4 /* Build configuration list for PBXNativeTarget "EGaaS" */ = {
			isa = XCConfigurationList;
			buildConfigurations = (
				6973E6911D750D98008A72D4 /* Debug */,
				6973E6921D750D98008A72D4 /* Release */,
			);
			defaultConfigurationIsVisible = 0;
			defaultConfigurationName = Release;
		};
		8AE3A4281F48A1610056B6A8 /* Build configuration list for PBXNativeTarget "EGaaS Dev" */ = {
			isa = XCConfigurationList;
			buildConfigurations = (
				8AE3A4291F48A1610056B6A8 /* Debug */,
				8AE3A42A1F48A1610056B6A8 /* Release */,
			);
			defaultConfigurationIsVisible = 0;
			defaultConfigurationName = Release;
		};
/* End XCConfigurationList section */
	};
	rootObject = 6973E6761D750D98008A72D4 /* Project object */;
}
